
Microsoft Visual Studio Solution File, Format Version 12.00
# Visual Studio Version 17
VisualStudioVersion = 17.11.35222.181
MinimumVisualStudioVersion = 10.0.40219.1
Project("{FAE04EC0-301F-11D3-BF4B-00C04F79EFBC}") = "_02salidaDatos", "_02salidaDatos.csproj", "{1365A9BE-DF4D-4A18-A203-159BB603436A}"
EndProject
Global
	GlobalSection(SolutionConfigurationPlatforms) = preSolution
		Debug|Any CPU = Debug|Any CPU
		Release|Any CPU = Release|Any CPU
	EndGlobalSection
	GlobalSection(ProjectConfigurationPlatforms) = postSolution
		{1365A9BE-DF4D-4A18-A203-159BB603436A}.Debug|Any CPU.ActiveCfg = Debug|Any CPU
		{1365A9BE-DF4D-4A18-A203-159BB603436A}.Debug|Any CPU.Build.0 = Debug|Any CPU
		{1365A9BE-DF4D-4A18-A203-159BB603436A}.Release|Any CPU.ActiveCfg = Release|Any CPU
		{1365A9BE-DF4D-4A18-A203-159BB603436A}.Release|Any CPU.Build.0 = Release|Any CPU
	EndGlobalSection
	GlobalSection(SolutionProperties) = preSolution
		HideSolutionNode = FALSE
	EndGlobalSection
	GlobalSection(ExtensibilityGlobals) = postSolution
		SolutionGuid = {8D859F38-6ECD-4CD0-BA2F-1AE4F5517A7E}
	EndGlobalSection
EndGlobal
