
Microsoft Visual Studio Solution File, Format Version 12.00
# Visual Studio Version 17
VisualStudioVersion = 17.11.35222.181
MinimumVisualStudioVersion = 10.0.40219.1
Project("{FAE04EC0-301F-11D3-BF4B-00C04F79EFBC}") = "00_AprendeCsharp", "00_AprendeCsharp.csproj", "{C9C4F747-67AB-40E5-9B8C-C0472FC94D58}"
EndProject
Global
	GlobalSection(SolutionConfigurationPlatforms) = preSolution
		Debug|Any CPU = Debug|Any CPU
		Release|Any CPU = Release|Any CPU
	EndGlobalSection
	GlobalSection(ProjectConfigurationPlatforms) = postSolution
		{C9C4F747-67AB-40E5-9B8C-C0472FC94D58}.Debug|Any CPU.ActiveCfg = Debug|Any CPU
		{C9C4F747-67AB-40E5-9B8C-C0472FC94D58}.Debug|Any CPU.Build.0 = Debug|Any CPU
		{C9C4F747-67AB-40E5-9B8C-C0472FC94D58}.Release|Any CPU.ActiveCfg = Release|Any CPU
		{C9C4F747-67AB-40E5-9B8C-C0472FC94D58}.Release|Any CPU.Build.0 = Release|Any CPU
	EndGlobalSection
	GlobalSection(SolutionProperties) = preSolution
		HideSolutionNode = FALSE
	EndGlobalSection
	GlobalSection(ExtensibilityGlobals) = postSolution
		SolutionGuid = {847F1745-0A67-40EA-BE8F-F1A944F5DB55}
	EndGlobalSection
EndGlobal
